// !$*UTF8*$!
{
	archiveVersion = 1;
	classes = {
	};
	objectVersion = 46;
	objects = {

/* Begin PBXBuildFile section */
		4B11578C1C2216280072576A /* AppDelegate.swift in Sources */ = {isa = PBXBuildFile; fileRef = 4B11578B1C2216280072576A /* AppDelegate.swift */; };
		4B11578E1C2216280072576A /* ViewController.swift in Sources */ = {isa = PBXBuildFile; fileRef = 4B11578D1C2216280072576A /* ViewController.swift */; };
		4B1157911C2216280072576A /* Main.storyboard in Resources */ = {isa = PBXBuildFile; fileRef = 4B11578F1C2216280072576A /* Main.storyboard */; };
		4B1157931C2216280072576A /* Assets.xcassets in Resources */ = {isa = PBXBuildFile; fileRef = 4B1157921C2216280072576A /* Assets.xcassets */; };
		4B1157961C2216280072576A /* LaunchScreen.storyboard in Resources */ = {isa = PBXBuildFile; fileRef = 4B1157941C2216280072576A /* LaunchScreen.storyboard */; };
		4B1157A11C2216870072576A /* fontawesome-webfont.ttf in Sources */ = {isa = PBXBuildFile; fileRef = 4B11579D1C2216870072576A /* fontawesome-webfont.ttf */; };
		4B1157A21C2216870072576A /* ionicons.ttf in Sources */ = {isa = PBXBuildFile; fileRef = 4B11579E1C2216870072576A /* ionicons.ttf */; };
		4B1157A31C2216870072576A /* octicons.ttf in Sources */ = {isa = PBXBuildFile; fileRef = 4B11579F1C2216870072576A /* octicons.ttf */; };
		4B1157A41C2216870072576A /* open-iconic.ttf in Sources */ = {isa = PBXBuildFile; fileRef = 4B1157A01C2216870072576A /* open-iconic.ttf */; };
		4B1157A71C2217320072576A /* socicon.ttf in Sources */ = {isa = PBXBuildFile; fileRef = 4B1157A61C2217320072576A /* socicon.ttf */; };
		4B1157A91C2221FA0072576A /* sem_foto.jpg in Resources */ = {isa = PBXBuildFile; fileRef = 4B1157A81C2221FA0072576A /* sem_foto.jpg */; };
/* End PBXBuildFile section */

/* Begin PBXFileReference section */
		4B1157881C2216280072576A /* Share.app */ = {isa = PBXFileReference; explicitFileType = wrapper.application; includeInIndex = 0; path = Share.app; sourceTree = BUILT_PRODUCTS_DIR; };
		4B11578B1C2216280072576A /* AppDelegate.swift */ = {isa = PBXFileReference; lastKnownFileType = sourcecode.swift; path = AppDelegate.swift; sourceTree = "<group>"; };
		4B11578D1C2216280072576A /* ViewController.swift */ = {isa = PBXFileReference; lastKnownFileType = sourcecode.swift; path = ViewController.swift; sourceTree = "<group>"; };
		4B1157901C2216280072576A /* Base */ = {isa = PBXFileReference; lastKnownFileType = file.storyboard; name = Base; path = Base.lproj/Main.storyboard; sourceTree = "<group>"; };
		4B1157921C2216280072576A /* Assets.xcassets */ = {isa = PBXFileReference; lastKnownFileType = folder.assetcatalog; path = Assets.xcassets; sourceTree = "<group>"; };
		4B1157951C2216280072576A /* Base */ = {isa = PBXFileReference; lastKnownFileType = file.storyboard; name = Base; path = Base.lproj/LaunchScreen.storyboard; sourceTree = "<group>"; };
		4B1157971C2216280072576A /* Info.plist */ = {isa = PBXFileReference; lastKnownFileType = text.plist.xml; path = Info.plist; sourceTree = "<group>"; };
		4B11579D1C2216870072576A /* fontawesome-webfont.ttf */ = {isa = PBXFileReference; lastKnownFileType = file; path = "fontawesome-webfont.ttf"; sourceTree = "<group>"; };
		4B11579E1C2216870072576A /* ionicons.ttf */ = {isa = PBXFileReference; lastKnownFileType = file; path = ionicons.ttf; sourceTree = "<group>"; };
		4B11579F1C2216870072576A /* octicons.ttf */ = {isa = PBXFileReference; lastKnownFileType = file; path = octicons.ttf; sourceTree = "<group>"; };
		4B1157A01C2216870072576A /* open-iconic.ttf */ = {isa = PBXFileReference; lastKnownFileType = file; path = "open-iconic.ttf"; sourceTree = "<group>"; };
		4B1157A61C2217320072576A /* socicon.ttf */ = {isa = PBXFileReference; lastKnownFileType = file; path = socicon.ttf; sourceTree = "<group>"; };
		4B1157A81C2221FA0072576A /* sem_foto.jpg */ = {isa = PBXFileReference; lastKnownFileType = image.jpeg; path = sem_foto.jpg; sourceTree = "<group>"; };
/* End PBXFileReference section */

/* Begin PBXFrameworksBuildPhase section */
		4B1157851C2216280072576A /* Frameworks */ = {
			isa = PBXFrameworksBuildPhase;
			buildActionMask = 2147483647;
			files = (
			);
			runOnlyForDeploymentPostprocessing = 0;
		};
/* End PBXFrameworksBuildPhase section */

/* Begin PBXGroup section */
		4B11577F1C2216280072576A = {
			isa = PBXGroup;
			children = (
				4B1157A51C22168A0072576A /* Fontes */,
				4B11578A1C2216280072576A /* Share */,
				4B1157891C2216280072576A /* Products */,
			);
			sourceTree = "<group>";
		};
		4B1157891C2216280072576A /* Products */ = {
			isa = PBXGroup;
			children = (
				4B1157881C2216280072576A /* Share.app */,
			);
			name = Products;
			sourceTree = "<group>";
		};
		4B11578A1C2216280072576A /* Share */ = {
			isa = PBXGroup;
			children = (
				4B1157A81C2221FA0072576A /* sem_foto.jpg */,
				4B11578B1C2216280072576A /* AppDelegate.swift */,
				4B11578D1C2216280072576A /* ViewController.swift */,
				4B11578F1C2216280072576A /* Main.storyboard */,
				4B1157921C2216280072576A /* Assets.xcassets */,
				4B1157941C2216280072576A /* LaunchScreen.storyboard */,
				4B1157971C2216280072576A /* Info.plist */,
			);
			path = Share;
			sourceTree = "<group>";
		};
		4B1157A51C22168A0072576A /* Fontes */ = {
			isa = PBXGroup;
			children = (
				4B1157A61C2217320072576A /* socicon.ttf */,
				4B11579D1C2216870072576A /* fontawesome-webfont.ttf */,
				4B11579E1C2216870072576A /* ionicons.ttf */,
				4B11579F1C2216870072576A /* octicons.ttf */,
				4B1157A01C2216870072576A /* open-iconic.ttf */,
			);
			name = Fontes;
			sourceTree = "<group>";
		};
/* End PBXGroup section */

/* Begin PBXNativeTarget section */
		4B1157871C2216280072576A /* Share */ = {
			isa = PBXNativeTarget;
			buildConfigurationList = 4B11579A1C2216280072576A /* Build configuration list for PBXNativeTarget "Share" */;
			buildPhases = (
				4B1157841C2216280072576A /* Sources */,
				4B1157851C2216280072576A /* Frameworks */,
				4B1157861C2216280072576A /* Resources */,
			);
			buildRules = (
			);
			dependencies = (
			);
			name = Share;
			productName = Share;
			productReference = 4B1157881C2216280072576A /* Share.app */;
			productType = "com.apple.product-type.application";
		};
/* End PBXNativeTarget section */

/* Begin PBXProject section */
		4B1157801C2216280072576A /* Project object */ = {
			isa = PBXProject;
			attributes = {
				LastSwiftUpdateCheck = 0710;
				LastUpgradeCheck = 0710;
				ORGANIZATIONNAME = PrimeSoftware;
				TargetAttributes = {
					4B1157871C2216280072576A = {
						CreatedOnToolsVersion = 7.1.1;
					};
				};
			};
			buildConfigurationList = 4B1157831C2216280072576A /* Build configuration list for PBXProject "Share" */;
			compatibilityVersion = "Xcode 3.2";
			developmentRegion = English;
			hasScannedForEncodings = 0;
			knownRegions = (
				en,
				Base,
			);
			mainGroup = 4B11577F1C2216280072576A;
			productRefGroup = 4B1157891C2216280072576A /* Products */;
			projectDirPath = "";
			projectRoot = "";
			targets = (
				4B1157871C2216280072576A /* Share */,
			);
		};
/* End PBXProject section */

/* Begin PBXResourcesBuildPhase section */
		4B1157861C2216280072576A /* Resources */ = {
			isa = PBXResourcesBuildPhase;
			buildActionMask = 2147483647;
			files = (
				4B1157961C2216280072576A /* LaunchScreen.storyboard in Resources */,
				4B1157931C2216280072576A /* Assets.xcassets in Resources */,
				4B1157911C2216280072576A /* Main.storyboard in Resources */,
				4B1157A91C2221FA0072576A /* sem_foto.jpg in Resources */,
			);
			runOnlyForDeploymentPostprocessing = 0;
		};
/* End PBXResourcesBuildPhase section */

/* Begin PBXSourcesBuildPhase section */
		4B1157841C2216280072576A /* Sources */ = {
			isa = PBXSourcesBuildPhase;
			buildActionMask = 2147483647;
			files = (
				4B1157A71C2217320072576A /* socicon.ttf in Sources */,
				4B1157A11C2216870072576A /* fontawesome-webfont.ttf in Sources */,
				4B1157A21C2216870072576A /* ionicons.ttf in Sources */,
				4B1157A31C2216870072576A /* octicons.ttf in Sources */,
				4B1157A41C2216870072576A /* open-iconic.ttf in Sources */,
				4B11578E1C2216280072576A /* ViewController.swift in Sources */,
				4B11578C1C2216280072576A /* AppDelegate.swift in Sources */,
			);
			runOnlyForDeploymentPostprocessing = 0;
		};
/* End PBXSourcesBuildPhase section */

/* Begin PBXVariantGroup section */
		4B11578F1C2216280072576A /* Main.storyboard */ = {
			isa = PBXVariantGroup;
			children = (
				4B1157901C2216280072576A /* Base */,
			);
			name = Main.storyboard;
			sourceTree = "<group>";
		};
		4B1157941C2216280072576A /* LaunchScreen.storyboard */ = {
			isa = PBXVariantGroup;
			children = (
				4B1157951C2216280072576A /* Base */,
			);
			name = LaunchScreen.storyboard;
			sourceTree = "<group>";
		};
/* End PBXVariantGroup section */

/* Begin XCBuildConfiguration section */
		4B1157981C2216280072576A /* Debug */ = {
			isa = XCBuildConfiguration;
			buildSettings = {
				ALWAYS_SEARCH_USER_PATHS = NO;
				CLANG_CXX_LANGUAGE_STANDARD = "gnu++0x";
				CLANG_CXX_LIBRARY = "libc++";
				CLANG_ENABLE_MODULES = YES;
				CLANG_ENABLE_OBJC_ARC = YES;
				CLANG_WARN_BOOL_CONVERSION = YES;
				CLANG_WARN_CONSTANT_CONVERSION = YES;
				CLANG_WARN_DIRECT_OBJC_ISA_USAGE = YES_ERROR;
				CLANG_WARN_EMPTY_BODY = YES;
				CLANG_WARN_ENUM_CONVERSION = YES;
				CLANG_WARN_INT_CONVERSION = YES;
				CLANG_WARN_OBJC_ROOT_CLASS = YES_ERROR;
				CLANG_WARN_UNREACHABLE_CODE = YES;
				CLANG_WARN__DUPLICATE_METHOD_MATCH = YES;
				"CODE_SIGN_IDENTITY[sdk=iphoneos*]" = "iPhone Developer";
				COPY_PHASE_STRIP = NO;
				DEBUG_INFORMATION_FORMAT = dwarf;
				ENABLE_STRICT_OBJC_MSGSEND = YES;
				ENABLE_TESTABILITY = YES;
				GCC_C_LANGUAGE_STANDARD = gnu99;
				GCC_DYNAMIC_NO_PIC = NO;
				GCC_NO_COMMON_BLOCKS = YES;
				GCC_OPTIMIZATION_LEVEL = 0;
				GCC_PREPROCESSOR_DEFINITIONS = (
					"DEBUG=1",
					"$(inherited)",
				);
				GCC_WARN_64_TO_32_BIT_CONVERSION = YES;
				GCC_WARN_ABOUT_RETURN_TYPE = YES_ERROR;
				GCC_WARN_UNDECLARED_SELECTOR = YES;
				GCC_WARN_UNINITIALIZED_AUTOS = YES_AGGRESSIVE;
				GCC_WARN_UNUSED_FUNCTION = YES;
				GCC_WARN_UNUSED_VARIABLE = YES;
				IPHONEOS_DEPLOYMENT_TARGET = 9.1;
				MTL_ENABLE_DEBUG_INFO = YES;
				ONLY_ACTIVE_ARCH = YES;
				SDKROOT = iphoneos;
				SWIFT_OPTIMIZATION_LEVEL = "-Onone";
				TARGETED_DEVICE_FAMILY = "1,2";
			};
			name = Debug;
		};
		4B1157991C2216280072576A /* Release */ = {
			isa = XCBuildConfiguration;
			buildSettings = {
				ALWAYS_SEARCH_USER_PATHS = NO;
				CLANG_CXX_LANGUAGE_STANDARD = "gnu++0x";
				CLANG_CXX_LIBRARY = "libc++";
				CLANG_ENABLE_MODULES = YES;
				CLANG_ENABLE_OBJC_ARC = YES;
				CLANG_WARN_BOOL_CONVERSION = YES;
				CLANG_WARN_CONSTANT_CONVERSION = YES;
				CLANG_WARN_DIRECT_OBJC_ISA_USAGE = YES_ERROR;
				CLANG_WARN_EMPTY_BODY = YES;
				CLANG_WARN_ENUM_CONVERSION = YES;
				CLANG_WARN_INT_CONVERSION = YES;
				CLANG_WARN_OBJC_ROOT_CLASS = YES_ERROR;
				CLANG_WARN_UNREACHABLE_CODE = YES;
				CLANG_WARN__DUPLICATE_METHOD_MATCH = YES;
				"CODE_SIGN_IDENTITY[sdk=iphoneos*]" = "iPhone Developer";
				COPY_PHASE_STRIP = NO;
				DEBUG_INFORMATION_FORMAT = "dwarf-with-dsym";
				ENABLE_NS_ASSERTIONS = NO;
				ENABLE_STRICT_OBJC_MSGSEND = YES;
				GCC_C_LANGUAGE_STANDARD = gnu99;
				GCC_NO_COMMON_BLOCKS = YES;
				GCC_WARN_64_TO_32_BIT_CONVERSION = YES;
				GCC_WARN_ABOUT_RETURN_TYPE = YES_ERROR;
				GCC_WARN_UNDECLARED_SELECTOR = YES;
				GCC_WARN_UNINITIALIZED_AUTOS = YES_AGGRESSIVE;
				GCC_WARN_UNUSED_FUNCTION = YES;
				GCC_WARN_UNUSED_VARIABLE = YES;
				IPHONEOS_DEPLOYMENT_TARGET = 9.1;
				MTL_ENABLE_DEBUG_INFO = NO;
				SDKROOT = iphoneos;
				TARGETED_DEVICE_FAMILY = "1,2";
				VALIDATE_PRODUCT = YES;
			};
			name = Release;
		};
		4B11579B1C2216280072576A /* Debug */ = {
			isa = XCBuildConfiguration;
			buildSettings = {
				ASSETCATALOG_COMPILER_APPICON_NAME = AppIcon;
				INFOPLIST_FILE = Share/Info.plist;
				IPHONEOS_DEPLOYMENT_TARGET = 8.0;
				LD_RUNPATH_SEARCH_PATHS = "$(inherited) @executable_path/Frameworks";
				PRODUCT_BUNDLE_IDENTIFIER = br.com.primesoftware.Share;
				PRODUCT_NAME = "$(TARGET_NAME)";
			};
			name = Debug;
		};
		4B11579C1C2216280072576A /* Release */ = {
			isa = XCBuildConfiguration;
			buildSettings = {
				ASSETCATALOG_COMPILER_APPICON_NAME = AppIcon;
				INFOPLIST_FILE = Share/Info.plist;
				IPHONEOS_DEPLOYMENT_TARGET = 8.0;
				LD_RUNPATH_SEARCH_PATHS = "$(inherited) @executable_path/Frameworks";
				PRODUCT_BUNDLE_IDENTIFIER = br.com.primesoftware.Share;
				PRODUCT_NAME = "$(TARGET_NAME)";
			};
			name = Release;
		};
/* End XCBuildConfiguration section */

/* Begin XCConfigurationList section */
		4B1157831C2216280072576A /* Build configuration list for PBXProject "Share" */ = {
			isa = XCConfigurationList;
			buildConfigurations = (
				4B1157981C2216280072576A /* Debug */,
				4B1157991C2216280072576A /* Release */,
			);
			defaultConfigurationIsVisible = 0;
			defaultConfigurationName = Release;
		};
		4B11579A1C2216280072576A /* Build configuration list for PBXNativeTarget "Share" */ = {
			isa = XCConfigurationList;
			buildConfigurations = (
				4B11579B1C2216280072576A /* Debug */,
				4B11579C1C2216280072576A /* Release */,
			);
			defaultConfigurationIsVisible = 0;
		};
/* End XCConfigurationList section */
	};
	rootObject = 4B1157801C2216280072576A /* Project object */;
}
